
Microsoft Visual Studio Solution File, Format Version 12.00
# Visual Studio Version 16
VisualStudioVersion = 16.0.29920.165
MinimumVisualStudioVersion = 10.0.40219.1
Project("{888888A0-9F3D-457C-B088-3A5042F75D52}") = "gxstar123", "gxstar123.pyproj", "{5AE2B78A-5893-4CB1-8D29-D4238DD319A4}"
EndProject
Global
	GlobalSection(SolutionConfigurationPlatforms) = preSolution
		Debug|Any CPU = Debug|Any CPU
		Release|Any CPU = Release|Any CPU
	EndGlobalSection
	GlobalSection(ProjectConfigurationPlatforms) = postSolution
		{5AE2B78A-5893-4CB1-8D29-D4238DD319A4}.Debug|Any CPU.ActiveCfg = Debug|Any CPU
		{5AE2B78A-5893-4CB1-8D29-D4238DD319A4}.Debug|Any CPU.Build.0 = Debug|Any CPU
		{5AE2B78A-5893-4CB1-8D29-D4238DD319A4}.Release|Any CPU.ActiveCfg = Release|Any CPU
		{5AE2B78A-5893-4CB1-8D29-D4238DD319A4}.Release|Any CPU.Build.0 = Release|Any CPU
	EndGlobalSection
	GlobalSection(SolutionProperties) = preSolution
		HideSolutionNode = FALSE
	EndGlobalSection
	GlobalSection(ExtensibilityGlobals) = postSolution
		SolutionGuid = {D6C67921-B96E-4021-AE59-E47773F34D6B}
	EndGlobalSection
EndGlobal
